// !$*UTF8*$!
{
	archiveVersion = 1;
	classes = {
	};
	objectVersion = 55;
	objects = {

/* Begin PBXBuildFile section */
		8D0A80AC279B065500409F3D /* StocksApp.swift in Sources */ = {isa = PBXBuildFile; fileRef = 8D0A80AB279B065500409F3D /* StocksApp.swift */; };
		8D0A80B0279B065600409F3D /* Assets.xcassets in Resources */ = {isa = PBXBuildFile; fileRef = 8D0A80AF279B065600409F3D /* Assets.xcassets */; };
		8D0A80B3279B065600409F3D /* Preview Assets.xcassets in Resources */ = {isa = PBXBuildFile; fileRef = 8D0A80B2279B065600409F3D /* Preview Assets.xcassets */; };
		8D0A80BC279B06E500409F3D /* HomeScreen.swift in Sources */ = {isa = PBXBuildFile; fileRef = 8D0A80BB279B06E500409F3D /* HomeScreen.swift */; };
		8D0A80BE279B071500409F3D /* SideBarScreen.swift in Sources */ = {isa = PBXBuildFile; fileRef = 8D0A80BD279B071500409F3D /* SideBarScreen.swift */; };
		8D0A80C1279B0A7500409F3D /* Stock.swift in Sources */ = {isa = PBXBuildFile; fileRef = 8D0A80C0279B0A7500409F3D /* Stock.swift */; };
		8D0A80C4279B0ABB00409F3D /* Webservice.swift in Sources */ = {isa = PBXBuildFile; fileRef = 8D0A80C3279B0ABB00409F3D /* Webservice.swift */; };
		8D0A80C7279B0AFB00409F3D /* Constants.swift in Sources */ = {isa = PBXBuildFile; fileRef = 8D0A80C6279B0AFB00409F3D /* Constants.swift */; };
		8D0A80CA279B133A00409F3D /* StockListViewModel.swift in Sources */ = {isa = PBXBuildFile; fileRef = 8D0A80C9279B133A00409F3D /* StockListViewModel.swift */; };
		8D0A80CF279B145D00409F3D /* StockViewModel.swift in Sources */ = {isa = PBXBuildFile; fileRef = 8D0A80CE279B145D00409F3D /* StockViewModel.swift */; };
		8D0A80D2279B150800409F3D /* AppState.swift in Sources */ = {isa = PBXBuildFile; fileRef = 8D0A80D1279B150800409F3D /* AppState.swift */; };
		8D43D62C279F4288006F2AE0 /* Article.swift in Sources */ = {isa = PBXBuildFile; fileRef = 8D43D62B279F4288006F2AE0 /* Article.swift */; };
		8D43D62E279F4C1E006F2AE0 /* StockArticleListViewModel.swift in Sources */ = {isa = PBXBuildFile; fileRef = 8D43D62D279F4C1E006F2AE0 /* StockArticleListViewModel.swift */; };
		8D43D630279F4C7F006F2AE0 /* StockArticleViewModel.swift in Sources */ = {isa = PBXBuildFile; fileRef = 8D43D62F279F4C7F006F2AE0 /* StockArticleViewModel.swift */; };
		8D57E84527A33501002C712A /* StockDetailScreen.swift in Sources */ = {isa = PBXBuildFile; fileRef = 8D57E84427A33501002C712A /* StockDetailScreen.swift */; };
		8D57E84927A3388E002C712A /* Route.swift in Sources */ = {isa = PBXBuildFile; fileRef = 8D57E84827A3388E002C712A /* Route.swift */; };
		8D57E84B27A34661002C712A /* NewsArticleHeaderView.swift in Sources */ = {isa = PBXBuildFile; fileRef = 8D57E84A27A34661002C712A /* NewsArticleHeaderView.swift */; };
		8D81CD9E279DEAE10004D37D /* StockListScreen.swift in Sources */ = {isa = PBXBuildFile; fileRef = 8D81CD9D279DEAE10004D37D /* StockListScreen.swift */; };
		8D81CDA1279DEBE50004D37D /* StockListView.swift in Sources */ = {isa = PBXBuildFile; fileRef = 8D81CDA0279DEBE50004D37D /* StockListView.swift */; };
		8D81CDA3279DF0E70004D37D /* StockCellView.swift in Sources */ = {isa = PBXBuildFile; fileRef = 8D81CDA2279DF0E70004D37D /* StockCellView.swift */; };
		8D81CDA6279DF1F80004D37D /* View+Extensions.swift in Sources */ = {isa = PBXBuildFile; fileRef = 8D81CDA5279DF1F80004D37D /* View+Extensions.swift */; };
		8D81CDA8279DF2B50004D37D /* BusinessNewsHeaderView.swift in Sources */ = {isa = PBXBuildFile; fileRef = 8D81CDA7279DF2B50004D37D /* BusinessNewsHeaderView.swift */; };
		8D92B4C227A1D111006F2EFD /* NewsArticleListScreen.swift in Sources */ = {isa = PBXBuildFile; fileRef = 8D92B4C127A1D111006F2EFD /* NewsArticleListScreen.swift */; };
		8D92B4C427A1D1AE006F2EFD /* NewsArticleListView.swift in Sources */ = {isa = PBXBuildFile; fileRef = 8D92B4C327A1D1AE006F2EFD /* NewsArticleListView.swift */; };
		8D92B4C627A1D2DF006F2EFD /* ArticleViewModel.swift in Sources */ = {isa = PBXBuildFile; fileRef = 8D92B4C527A1D2DF006F2EFD /* ArticleViewModel.swift */; };
		8D92B4C827A1D3CC006F2EFD /* ArticlesGridView.swift in Sources */ = {isa = PBXBuildFile; fileRef = 8D92B4C727A1D3CC006F2EFD /* ArticlesGridView.swift */; };
		8D92B4CA27A1D491006F2EFD /* ArticleCellView.swift in Sources */ = {isa = PBXBuildFile; fileRef = 8D92B4C927A1D491006F2EFD /* ArticleCellView.swift */; };
		8D92B4CC27A1E693006F2EFD /* StockDetailViewModel.swift in Sources */ = {isa = PBXBuildFile; fileRef = 8D92B4CB27A1E693006F2EFD /* StockDetailViewModel.swift */; };
		8DE8BED527A47490005AB508 /* LineChartView.swift in Sources */ = {isa = PBXBuildFile; fileRef = 8DE8BED427A47490005AB508 /* LineChartView.swift */; };
		8DE8BED727A47741005AB508 /* StockGraphBackgroundView.swift in Sources */ = {isa = PBXBuildFile; fileRef = 8DE8BED627A47741005AB508 /* StockGraphBackgroundView.swift */; };
		8DE8BED927A47CE8005AB508 /* WebViewScreen.swift in Sources */ = {isa = PBXBuildFile; fileRef = 8DE8BED827A47CE8005AB508 /* WebViewScreen.swift */; };
		8DE8BEDB27A48227005AB508 /* WebView.swift in Sources */ = {isa = PBXBuildFile; fileRef = 8DE8BEDA27A48227005AB508 /* WebView.swift */; };
/* End PBXBuildFile section */

/* Begin PBXFileReference section */
		8D0A80A8279B065500409F3D /* Stocks.app */ = {isa = PBXFileReference; explicitFileType = wrapper.application; includeInIndex = 0; path = Stocks.app; sourceTree = BUILT_PRODUCTS_DIR; };
		8D0A80AB279B065500409F3D /* StocksApp.swift */ = {isa = PBXFileReference; lastKnownFileType = sourcecode.swift; path = StocksApp.swift; sourceTree = "<group>"; };
		8D0A80AF279B065600409F3D /* Assets.xcassets */ = {isa = PBXFileReference; lastKnownFileType = folder.assetcatalog; path = Assets.xcassets; sourceTree = "<group>"; };
		8D0A80B2279B065600409F3D /* Preview Assets.xcassets */ = {isa = PBXFileReference; lastKnownFileType = folder.assetcatalog; path = "Preview Assets.xcassets"; sourceTree = "<group>"; };
		8D0A80B4279B065600409F3D /* Stocks.entitlements */ = {isa = PBXFileReference; lastKnownFileType = text.plist.entitlements; path = Stocks.entitlements; sourceTree = "<group>"; };
		8D0A80BB279B06E500409F3D /* HomeScreen.swift */ = {isa = PBXFileReference; lastKnownFileType = sourcecode.swift; path = HomeScreen.swift; sourceTree = "<group>"; };
		8D0A80BD279B071500409F3D /* SideBarScreen.swift */ = {isa = PBXFileReference; lastKnownFileType = sourcecode.swift; path = SideBarScreen.swift; sourceTree = "<group>"; };
		8D0A80C0279B0A7500409F3D /* Stock.swift */ = {isa = PBXFileReference; lastKnownFileType = sourcecode.swift; path = Stock.swift; sourceTree = "<group>"; };
		8D0A80C3279B0ABB00409F3D /* Webservice.swift */ = {isa = PBXFileReference; lastKnownFileType = sourcecode.swift; path = Webservice.swift; sourceTree = "<group>"; };
		8D0A80C6279B0AFB00409F3D /* Constants.swift */ = {isa = PBXFileReference; lastKnownFileType = sourcecode.swift; path = Constants.swift; sourceTree = "<group>"; };
		8D0A80C9279B133A00409F3D /* StockListViewModel.swift */ = {isa = PBXFileReference; lastKnownFileType = sourcecode.swift; path = StockListViewModel.swift; sourceTree = "<group>"; };
		8D0A80CE279B145D00409F3D /* StockViewModel.swift */ = {isa = PBXFileReference; lastKnownFileType = sourcecode.swift; path = StockViewModel.swift; sourceTree = "<group>"; };
		8D0A80D1279B150800409F3D /* AppState.swift */ = {isa = PBXFileReference; lastKnownFileType = sourcecode.swift; path = AppState.swift; sourceTree = "<group>"; };
		8D43D62B279F4288006F2AE0 /* Article.swift */ = {isa = PBXFileReference; lastKnownFileType = sourcecode.swift; path = Article.swift; sourceTree = "<group>"; };
		8D43D62D279F4C1E006F2AE0 /* StockArticleListViewModel.swift */ = {isa = PBXFileReference; lastKnownFileType = sourcecode.swift; path = StockArticleListViewModel.swift; sourceTree = "<group>"; };
		8D43D62F279F4C7F006F2AE0 /* StockArticleViewModel.swift */ = {isa = PBXFileReference; lastKnownFileType = sourcecode.swift; path = StockArticleViewModel.swift; sourceTree = "<group>"; };
		8D57E84427A33501002C712A /* StockDetailScreen.swift */ = {isa = PBXFileReference; lastKnownFileType = sourcecode.swift; path = StockDetailScreen.swift; sourceTree = "<group>"; };
		8D57E84827A3388E002C712A /* Route.swift */ = {isa = PBXFileReference; lastKnownFileType = sourcecode.swift; path = Route.swift; sourceTree = "<group>"; };
		8D57E84A27A34661002C712A /* NewsArticleHeaderView.swift */ = {isa = PBXFileReference; lastKnownFileType = sourcecode.swift; path = NewsArticleHeaderView.swift; sourceTree = "<group>"; };
		8D81CD9D279DEAE10004D37D /* StockListScreen.swift */ = {isa = PBXFileReference; lastKnownFileType = sourcecode.swift; path = StockListScreen.swift; sourceTree = "<group>"; };
		8D81CDA0279DEBE50004D37D /* StockListView.swift */ = {isa = PBXFileReference; lastKnownFileType = sourcecode.swift; path = StockListView.swift; sourceTree = "<group>"; };
		8D81CDA2279DF0E70004D37D /* StockCellView.swift */ = {isa = PBXFileReference; lastKnownFileType = sourcecode.swift; path = StockCellView.swift; sourceTree = "<group>"; };
		8D81CDA5279DF1F80004D37D /* View+Extensions.swift */ = {isa = PBXFileReference; lastKnownFileType = sourcecode.swift; path = "View+Extensions.swift"; sourceTree = "<group>"; };
		8D81CDA7279DF2B50004D37D /* BusinessNewsHeaderView.swift */ = {isa = PBXFileReference; lastKnownFileType = sourcecode.swift; path = BusinessNewsHeaderView.swift; sourceTree = "<group>"; };
		8D92B4C127A1D111006F2EFD /* NewsArticleListScreen.swift */ = {isa = PBXFileReference; lastKnownFileType = sourcecode.swift; path = NewsArticleListScreen.swift; sourceTree = "<group>"; };
		8D92B4C327A1D1AE006F2EFD /* NewsArticleListView.swift */ = {isa = PBXFileReference; lastKnownFileType = sourcecode.swift; path = NewsArticleListView.swift; sourceTree = "<group>"; };
		8D92B4C527A1D2DF006F2EFD /* ArticleViewModel.swift */ = {isa = PBXFileReference; lastKnownFileType = sourcecode.swift; path = ArticleViewModel.swift; sourceTree = "<group>"; };
		8D92B4C727A1D3CC006F2EFD /* ArticlesGridView.swift */ = {isa = PBXFileReference; lastKnownFileType = sourcecode.swift; path = ArticlesGridView.swift; sourceTree = "<group>"; };
		8D92B4C927A1D491006F2EFD /* ArticleCellView.swift */ = {isa = PBXFileReference; lastKnownFileType = sourcecode.swift; path = ArticleCellView.swift; sourceTree = "<group>"; };
		8D92B4CB27A1E693006F2EFD /* StockDetailViewModel.swift */ = {isa = PBXFileReference; lastKnownFileType = sourcecode.swift; path = StockDetailViewModel.swift; sourceTree = "<group>"; };
		8DE8BED427A47490005AB508 /* LineChartView.swift */ = {isa = PBXFileReference; lastKnownFileType = sourcecode.swift; path = LineChartView.swift; sourceTree = "<group>"; };
		8DE8BED627A47741005AB508 /* StockGraphBackgroundView.swift */ = {isa = PBXFileReference; lastKnownFileType = sourcecode.swift; path = StockGraphBackgroundView.swift; sourceTree = "<group>"; };
		8DE8BED827A47CE8005AB508 /* WebViewScreen.swift */ = {isa = PBXFileReference; lastKnownFileType = sourcecode.swift; path = WebViewScreen.swift; sourceTree = "<group>"; };
		8DE8BEDA27A48227005AB508 /* WebView.swift */ = {isa = PBXFileReference; lastKnownFileType = sourcecode.swift; path = WebView.swift; sourceTree = "<group>"; };
/* End PBXFileReference section */

/* Begin PBXFrameworksBuildPhase section */
		8D0A80A5279B065500409F3D /* Frameworks */ = {
			isa = PBXFrameworksBuildPhase;
			buildActionMask = 2147483647;
			files = (
			);
			runOnlyForDeploymentPostprocessing = 0;
		};
/* End PBXFrameworksBuildPhase section */

/* Begin PBXGroup section */
		8D0A809F279B065500409F3D = {
			isa = PBXGroup;
			children = (
				8D0A80AA279B065500409F3D /* Stocks */,
				8D0A80A9279B065500409F3D /* Products */,
			);
			sourceTree = "<group>";
		};
		8D0A80A9279B065500409F3D /* Products */ = {
			isa = PBXGroup;
			children = (
				8D0A80A8279B065500409F3D /* Stocks.app */,
			);
			name = Products;
			sourceTree = "<group>";
		};
		8D0A80AA279B065500409F3D /* Stocks */ = {
			isa = PBXGroup;
			children = (
				8D81CDA4279DF1EA0004D37D /* Extensions */,
				8D81CD9F279DEBDB0004D37D /* Views */,
				8D0A80D0279B14F600409F3D /* Global */,
				8D0A80C8279B132900409F3D /* View Models */,
				8D0A80C5279B0AF100409F3D /* Utils */,
				8D0A80C2279B0AAD00409F3D /* Services */,
				8D0A80BF279B0A6100409F3D /* Models */,
				8D0A80BA279B06D700409F3D /* Screens */,
				8D0A80AB279B065500409F3D /* StocksApp.swift */,
				8D0A80AF279B065600409F3D /* Assets.xcassets */,
				8D0A80B4279B065600409F3D /* Stocks.entitlements */,
				8D0A80B1279B065600409F3D /* Preview Content */,
			);
			path = Stocks;
			sourceTree = "<group>";
		};
		8D0A80B1279B065600409F3D /* Preview Content */ = {
			isa = PBXGroup;
			children = (
				8D0A80B2279B065600409F3D /* Preview Assets.xcassets */,
			);
			path = "Preview Content";
			sourceTree = "<group>";
		};
		8D0A80BA279B06D700409F3D /* Screens */ = {
			isa = PBXGroup;
			children = (
				8D0A80BB279B06E500409F3D /* HomeScreen.swift */,
				8D0A80BD279B071500409F3D /* SideBarScreen.swift */,
				8D81CD9D279DEAE10004D37D /* StockListScreen.swift */,
				8D92B4C127A1D111006F2EFD /* NewsArticleListScreen.swift */,
				8D57E84427A33501002C712A /* StockDetailScreen.swift */,
				8DE8BED827A47CE8005AB508 /* WebViewScreen.swift */,
			);
			path = Screens;
			sourceTree = "<group>";
		};
		8D0A80BF279B0A6100409F3D /* Models */ = {
			isa = PBXGroup;
			children = (
				8D0A80C0279B0A7500409F3D /* Stock.swift */,
				8D43D62B279F4288006F2AE0 /* Article.swift */,
				8D57E84827A3388E002C712A /* Route.swift */,
			);
			path = Models;
			sourceTree = "<group>";
		};
		8D0A80C2279B0AAD00409F3D /* Services */ = {
			isa = PBXGroup;
			children = (
				8D0A80C3279B0ABB00409F3D /* Webservice.swift */,
			);
			path = Services;
			sourceTree = "<group>";
		};
		8D0A80C5279B0AF100409F3D /* Utils */ = {
			isa = PBXGroup;
			children = (
				8D0A80C6279B0AFB00409F3D /* Constants.swift */,
			);
			path = Utils;
			sourceTree = "<group>";
		};
		8D0A80C8279B132900409F3D /* View Models */ = {
			isa = PBXGroup;
			children = (
				8D0A80C9279B133A00409F3D /* StockListViewModel.swift */,
				8D0A80CE279B145D00409F3D /* StockViewModel.swift */,
				8D43D62D279F4C1E006F2AE0 /* StockArticleListViewModel.swift */,
				8D43D62F279F4C7F006F2AE0 /* StockArticleViewModel.swift */,
				8D92B4C527A1D2DF006F2EFD /* ArticleViewModel.swift */,
				8D92B4CB27A1E693006F2EFD /* StockDetailViewModel.swift */,
			);
			path = "View Models";
			sourceTree = "<group>";
		};
		8D0A80D0279B14F600409F3D /* Global */ = {
			isa = PBXGroup;
			children = (
				8D0A80D1279B150800409F3D /* AppState.swift */,
			);
			path = Global;
			sourceTree = "<group>";
		};
		8D81CD9F279DEBDB0004D37D /* Views */ = {
			isa = PBXGroup;
			children = (
				8D81CDA0279DEBE50004D37D /* StockListView.swift */,
				8D81CDA2279DF0E70004D37D /* StockCellView.swift */,
				8D81CDA7279DF2B50004D37D /* BusinessNewsHeaderView.swift */,
				8D92B4C327A1D1AE006F2EFD /* NewsArticleListView.swift */,
				8D92B4C727A1D3CC006F2EFD /* ArticlesGridView.swift */,
				8D92B4C927A1D491006F2EFD /* ArticleCellView.swift */,
				8D57E84A27A34661002C712A /* NewsArticleHeaderView.swift */,
				8DE8BED427A47490005AB508 /* LineChartView.swift */,
				8DE8BED627A47741005AB508 /* StockGraphBackgroundView.swift */,
				8DE8BEDA27A48227005AB508 /* WebView.swift */,
			);
			path = Views;
			sourceTree = "<group>";
		};
		8D81CDA4279DF1EA0004D37D /* Extensions */ = {
			isa = PBXGroup;
			children = (
				8D81CDA5279DF1F80004D37D /* View+Extensions.swift */,
			);
			path = Extensions;
			sourceTree = "<group>";
		};
/* End PBXGroup section */

/* Begin PBXNativeTarget section */
		8D0A80A7279B065500409F3D /* Stocks */ = {
			isa = PBXNativeTarget;
			buildConfigurationList = 8D0A80B7279B065600409F3D /* Build configuration list for PBXNativeTarget "Stocks" */;
			buildPhases = (
				8D0A80A4279B065500409F3D /* Sources */,
				8D0A80A5279B065500409F3D /* Frameworks */,
				8D0A80A6279B065500409F3D /* Resources */,
			);
			buildRules = (
			);
			dependencies = (
			);
			name = Stocks;
			productName = Stocks;
			productReference = 8D0A80A8279B065500409F3D /* Stocks.app */;
			productType = "com.apple.product-type.application";
		};
/* End PBXNativeTarget section */

/* Begin PBXProject section */
		8D0A80A0279B065500409F3D /* Project object */ = {
			isa = PBXProject;
			attributes = {
				BuildIndependentTargetsInParallel = 1;
				LastSwiftUpdateCheck = 1310;
				LastUpgradeCheck = 1310;
				TargetAttributes = {
					8D0A80A7279B065500409F3D = {
						CreatedOnToolsVersion = 13.1;
					};
				};
			};
			buildConfigurationList = 8D0A80A3279B065500409F3D /* Build configuration list for PBXProject "Stocks" */;
			compatibilityVersion = "Xcode 13.0";
			developmentRegion = en;
			hasScannedForEncodings = 0;
			knownRegions = (
				en,
				Base,
			);
			mainGroup = 8D0A809F279B065500409F3D;
			productRefGroup = 8D0A80A9279B065500409F3D /* Products */;
			projectDirPath = "";
			projectRoot = "";
			targets = (
				8D0A80A7279B065500409F3D /* Stocks */,
			);
		};
/* End PBXProject section */

/* Begin PBXResourcesBuildPhase section */
		8D0A80A6279B065500409F3D /* Resources */ = {
			isa = PBXResourcesBuildPhase;
			buildActionMask = 2147483647;
			files = (
				8D0A80B3279B065600409F3D /* Preview Assets.xcassets in Resources */,
				8D0A80B0279B065600409F3D /* Assets.xcassets in Resources */,
			);
			runOnlyForDeploymentPostprocessing = 0;
		};
/* End PBXResourcesBuildPhase section */

/* Begin PBXSourcesBuildPhase section */
		8D0A80A4279B065500409F3D /* Sources */ = {
			isa = PBXSourcesBuildPhase;
			buildActionMask = 2147483647;
			files = (
				8D0A80BC279B06E500409F3D /* HomeScreen.swift in Sources */,
				8D92B4C227A1D111006F2EFD /* NewsArticleListScreen.swift in Sources */,
				8DE8BED727A47741005AB508 /* StockGraphBackgroundView.swift in Sources */,
				8D0A80CA279B133A00409F3D /* StockListViewModel.swift in Sources */,
				8D81CDA1279DEBE50004D37D /* StockListView.swift in Sources */,
				8D0A80AC279B065500409F3D /* StocksApp.swift in Sources */,
				8D81CDA8279DF2B50004D37D /* BusinessNewsHeaderView.swift in Sources */,
				8D92B4C427A1D1AE006F2EFD /* NewsArticleListView.swift in Sources */,
				8D92B4C827A1D3CC006F2EFD /* ArticlesGridView.swift in Sources */,
				8D0A80D2279B150800409F3D /* AppState.swift in Sources */,
				8D57E84B27A34661002C712A /* NewsArticleHeaderView.swift in Sources */,
				8D81CDA3279DF0E70004D37D /* StockCellView.swift in Sources */,
				8D0A80C1279B0A7500409F3D /* Stock.swift in Sources */,
				8D0A80C4279B0ABB00409F3D /* Webservice.swift in Sources */,
				8D81CD9E279DEAE10004D37D /* StockListScreen.swift in Sources */,
				8DE8BED527A47490005AB508 /* LineChartView.swift in Sources */,
				8D43D630279F4C7F006F2AE0 /* StockArticleViewModel.swift in Sources */,
				8D92B4CC27A1E693006F2EFD /* StockDetailViewModel.swift in Sources */,
				8D92B4C627A1D2DF006F2EFD /* ArticleViewModel.swift in Sources */,
				8DE8BED927A47CE8005AB508 /* WebViewScreen.swift in Sources */,
				8D43D62E279F4C1E006F2AE0 /* StockArticleListViewModel.swift in Sources */,
				8DE8BEDB27A48227005AB508 /* WebView.swift in Sources */,
				8D57E84527A33501002C712A /* StockDetailScreen.swift in Sources */,
				8D81CDA6279DF1F80004D37D /* View+Extensions.swift in Sources */,
				8D0A80BE279B071500409F3D /* SideBarScreen.swift in Sources */,
				8D0A80C7279B0AFB00409F3D /* Constants.swift in Sources */,
				8D0A80CF279B145D00409F3D /* StockViewModel.swift in Sources */,
				8D43D62C279F4288006F2AE0 /* Article.swift in Sources */,
				8D57E84927A3388E002C712A /* Route.swift in Sources */,
				8D92B4CA27A1D491006F2EFD /* ArticleCellView.swift in Sources */,
			);
			runOnlyForDeploymentPostprocessing = 0;
		};
/* End PBXSourcesBuildPhase section */

/* Begin XCBuildConfiguration section */
		8D0A80B5279B065600409F3D /* Debug */ = {
			isa = XCBuildConfiguration;
			buildSettings = {
				ALWAYS_SEARCH_USER_PATHS = NO;
				CLANG_ANALYZER_NONNULL = YES;
				CLANG_ANALYZER_NUMBER_OBJECT_CONVERSION = YES_AGGRESSIVE;
				CLANG_CXX_LANGUAGE_STANDARD = "gnu++17";
				CLANG_CXX_LIBRARY = "libc++";
				CLANG_ENABLE_MODULES = YES;
				CLANG_ENABLE_OBJC_ARC = YES;
				CLANG_ENABLE_OBJC_WEAK = YES;
				CLANG_WARN_BLOCK_CAPTURE_AUTORELEASING = YES;
				CLANG_WARN_BOOL_CONVERSION = YES;
				CLANG_WARN_COMMA = YES;
				CLANG_WARN_CONSTANT_CONVERSION = YES;
				CLANG_WARN_DEPRECATED_OBJC_IMPLEMENTATIONS = YES;
				CLANG_WARN_DIRECT_OBJC_ISA_USAGE = YES_ERROR;
				CLANG_WARN_DOCUMENTATION_COMMENTS = YES;
				CLANG_WARN_EMPTY_BODY = YES;
				CLANG_WARN_ENUM_CONVERSION = YES;
				CLANG_WARN_INFINITE_RECURSION = YES;
				CLANG_WARN_INT_CONVERSION = YES;
				CLANG_WARN_NON_LITERAL_NULL_CONVERSION = YES;
				CLANG_WARN_OBJC_IMPLICIT_RETAIN_SELF = YES;
				CLANG_WARN_OBJC_LITERAL_CONVERSION = YES;
				CLANG_WARN_OBJC_ROOT_CLASS = YES_ERROR;
				CLANG_WARN_QUOTED_INCLUDE_IN_FRAMEWORK_HEADER = YES;
				CLANG_WARN_RANGE_LOOP_ANALYSIS = YES;
				CLANG_WARN_STRICT_PROTOTYPES = YES;
				CLANG_WARN_SUSPICIOUS_MOVE = YES;
				CLANG_WARN_UNGUARDED_AVAILABILITY = YES_AGGRESSIVE;
				CLANG_WARN_UNREACHABLE_CODE = YES;
				CLANG_WARN__DUPLICATE_METHOD_MATCH = YES;
				COPY_PHASE_STRIP = NO;
				DEBUG_INFORMATION_FORMAT = dwarf;
				ENABLE_STRICT_OBJC_MSGSEND = YES;
				ENABLE_TESTABILITY = YES;
				GCC_C_LANGUAGE_STANDARD = gnu11;
				GCC_DYNAMIC_NO_PIC = NO;
				GCC_NO_COMMON_BLOCKS = YES;
				GCC_OPTIMIZATION_LEVEL = 0;
				GCC_PREPROCESSOR_DEFINITIONS = (
					"DEBUG=1",
					"$(inherited)",
				);
				GCC_WARN_64_TO_32_BIT_CONVERSION = YES;
				GCC_WARN_ABOUT_RETURN_TYPE = YES_ERROR;
				GCC_WARN_UNDECLARED_SELECTOR = YES;
				GCC_WARN_UNINITIALIZED_AUTOS = YES_AGGRESSIVE;
				GCC_WARN_UNUSED_FUNCTION = YES;
				GCC_WARN_UNUSED_VARIABLE = YES;
				MACOSX_DEPLOYMENT_TARGET = 12.0;
				MTL_ENABLE_DEBUG_INFO = INCLUDE_SOURCE;
				MTL_FAST_MATH = YES;
				ONLY_ACTIVE_ARCH = YES;
				SDKROOT = macosx;
				SWIFT_ACTIVE_COMPILATION_CONDITIONS = DEBUG;
				SWIFT_OPTIMIZATION_LEVEL = "-Onone";
			};
			name = Debug;
		};
		8D0A80B6279B065600409F3D /* Release */ = {
			isa = XCBuildConfiguration;
			buildSettings = {
				ALWAYS_SEARCH_USER_PATHS = NO;
				CLANG_ANALYZER_NONNULL = YES;
				CLANG_ANALYZER_NUMBER_OBJECT_CONVERSION = YES_AGGRESSIVE;
				CLANG_CXX_LANGUAGE_STANDARD = "gnu++17";
				CLANG_CXX_LIBRARY = "libc++";
				CLANG_ENABLE_MODULES = YES;
				CLANG_ENABLE_OBJC_ARC = YES;
				CLANG_ENABLE_OBJC_WEAK = YES;
				CLANG_WARN_BLOCK_CAPTURE_AUTORELEASING = YES;
				CLANG_WARN_BOOL_CONVERSION = YES;
				CLANG_WARN_COMMA = YES;
				CLANG_WARN_CONSTANT_CONVERSION = YES;
				CLANG_WARN_DEPRECATED_OBJC_IMPLEMENTATIONS = YES;
				CLANG_WARN_DIRECT_OBJC_ISA_USAGE = YES_ERROR;
				CLANG_WARN_DOCUMENTATION_COMMENTS = YES;
				CLANG_WARN_EMPTY_BODY = YES;
				CLANG_WARN_ENUM_CONVERSION = YES;
				CLANG_WARN_INFINITE_RECURSION = YES;
				CLANG_WARN_INT_CONVERSION = YES;
				CLANG_WARN_NON_LITERAL_NULL_CONVERSION = YES;
				CLANG_WARN_OBJC_IMPLICIT_RETAIN_SELF = YES;
				CLANG_WARN_OBJC_LITERAL_CONVERSION = YES;
				CLANG_WARN_OBJC_ROOT_CLASS = YES_ERROR;
				CLANG_WARN_QUOTED_INCLUDE_IN_FRAMEWORK_HEADER = YES;
				CLANG_WARN_RANGE_LOOP_ANALYSIS = YES;
				CLANG_WARN_STRICT_PROTOTYPES = YES;
				CLANG_WARN_SUSPICIOUS_MOVE = YES;
				CLANG_WARN_UNGUARDED_AVAILABILITY = YES_AGGRESSIVE;
				CLANG_WARN_UNREACHABLE_CODE = YES;
				CLANG_WARN__DUPLICATE_METHOD_MATCH = YES;
				COPY_PHASE_STRIP = NO;
				DEBUG_INFORMATION_FORMAT = "dwarf-with-dsym";
				ENABLE_NS_ASSERTIONS = NO;
				ENABLE_STRICT_OBJC_MSGSEND = YES;
				GCC_C_LANGUAGE_STANDARD = gnu11;
				GCC_NO_COMMON_BLOCKS = YES;
				GCC_WARN_64_TO_32_BIT_CONVERSION = YES;
				GCC_WARN_ABOUT_RETURN_TYPE = YES_ERROR;
				GCC_WARN_UNDECLARED_SELECTOR = YES;
				GCC_WARN_UNINITIALIZED_AUTOS = YES_AGGRESSIVE;
				GCC_WARN_UNUSED_FUNCTION = YES;
				GCC_WARN_UNUSED_VARIABLE = YES;
				MACOSX_DEPLOYMENT_TARGET = 12.0;
				MTL_ENABLE_DEBUG_INFO = NO;
				MTL_FAST_MATH = YES;
				SDKROOT = macosx;
				SWIFT_COMPILATION_MODE = wholemodule;
				SWIFT_OPTIMIZATION_LEVEL = "-O";
			};
			name = Release;
		};
		8D0A80B8279B065600409F3D /* Debug */ = {
			isa = XCBuildConfiguration;
			buildSettings = {
				ASSETCATALOG_COMPILER_APPICON_NAME = AppIcon;
				ASSETCATALOG_COMPILER_GLOBAL_ACCENT_COLOR_NAME = AccentColor;
				CODE_SIGN_ENTITLEMENTS = Stocks/Stocks.entitlements;
				CODE_SIGN_STYLE = Automatic;
				COMBINE_HIDPI_IMAGES = YES;
				CURRENT_PROJECT_VERSION = 1;
				DEVELOPMENT_ASSET_PATHS = "\"Stocks/Preview Content\"";
				DEVELOPMENT_TEAM = 7CGDMP66SJ;
				ENABLE_HARDENED_RUNTIME = YES;
				ENABLE_PREVIEWS = YES;
				GENERATE_INFOPLIST_FILE = YES;
				INFOPLIST_KEY_NSHumanReadableCopyright = "";
				LD_RUNPATH_SEARCH_PATHS = (
					"$(inherited)",
					"@executable_path/../Frameworks",
				);
				MARKETING_VERSION = 1.0;
				PRODUCT_BUNDLE_IDENTIFIER = com.azamsharp.Stocks;
				PRODUCT_NAME = "$(TARGET_NAME)";
				SWIFT_EMIT_LOC_STRINGS = YES;
				SWIFT_VERSION = 5.0;
			};
			name = Debug;
		};
		8D0A80B9279B065600409F3D /* Release */ = {
			isa = XCBuildConfiguration;
			buildSettings = {
				ASSETCATALOG_COMPILER_APPICON_NAME = AppIcon;
				ASSETCATALOG_COMPILER_GLOBAL_ACCENT_COLOR_NAME = AccentColor;
				CODE_SIGN_ENTITLEMENTS = Stocks/Stocks.entitlements;
				CODE_SIGN_STYLE = Automatic;
				COMBINE_HIDPI_IMAGES = YES;
				CURRENT_PROJECT_VERSION = 1;
				DEVELOPMENT_ASSET_PATHS = "\"Stocks/Preview Content\"";
				DEVELOPMENT_TEAM = 7CGDMP66SJ;
				ENABLE_HARDENED_RUNTIME = YES;
				ENABLE_PREVIEWS = YES;
				GENERATE_INFOPLIST_FILE = YES;
				INFOPLIST_KEY_NSHumanReadableCopyright = "";
				LD_RUNPATH_SEARCH_PATHS = (
					"$(inherited)",
					"@executable_path/../Frameworks",
				);
				MARKETING_VERSION = 1.0;
				PRODUCT_BUNDLE_IDENTIFIER = com.azamsharp.Stocks;
				PRODUCT_NAME = "$(TARGET_NAME)";
				SWIFT_EMIT_LOC_STRINGS = YES;
				SWIFT_VERSION = 5.0;
			};
			name = Release;
		};
/* End XCBuildConfiguration section */

/* Begin XCConfigurationList section */
		8D0A80A3279B065500409F3D /* Build configuration list for PBXProject "Stocks" */ = {
			isa = XCConfigurationList;
			buildConfigurations = (
				8D0A80B5279B065600409F3D /* Debug */,
				8D0A80B6279B065600409F3D /* Release */,
			);
			defaultConfigurationIsVisible = 0;
			defaultConfigurationName = Release;
		};
		8D0A80B7279B065600409F3D /* Build configuration list for PBXNativeTarget "Stocks" */ = {
			isa = XCConfigurationList;
			buildConfigurations = (
				8D0A80B8279B065600409F3D /* Debug */,
				8D0A80B9279B065600409F3D /* Release */,
			);
			defaultConfigurationIsVisible = 0;
			defaultConfigurationName = Release;
		};
/* End XCConfigurationList section */
	};
	rootObject = 8D0A80A0279B065500409F3D /* Project object */;
}
